
Microsoft Visual Studio Solution File, Format Version 12.00
# Visual Studio Version 16
VisualStudioVersion = 16.0.29920.165
MinimumVisualStudioVersion = 10.0.40219.1
Project("{FAE04EC0-301F-11D3-BF4B-00C04F79EFBC}") = "PKI", "PKI\PKI.csproj", "{5AD7D76A-09A4-4E4F-AFA7-7798E0E9CD89}"
EndProject
Project("{FAE04EC0-301F-11D3-BF4B-00C04F79EFBC}") = "PKI.Test", "PKI.Test\PKI.Test.csproj", "{359ED8C6-47B5-4321-9B60-62E0F53A5384}"
EndProject
Global
	GlobalSection(SolutionConfigurationPlatforms) = preSolution
		Debug|Any CPU = Debug|Any CPU
		Release|Any CPU = Release|Any CPU
	EndGlobalSection
	GlobalSection(ProjectConfigurationPlatforms) = postSolution
		{5AD7D76A-09A4-4E4F-AFA7-7798E0E9CD89}.Debug|Any CPU.ActiveCfg = Debug|Any CPU
		{5AD7D76A-09A4-4E4F-AFA7-7798E0E9CD89}.Debug|Any CPU.Build.0 = Debug|Any CPU
		{5AD7D76A-09A4-4E4F-AFA7-7798E0E9CD89}.Release|Any CPU.ActiveCfg = Release|Any CPU
		{5AD7D76A-09A4-4E4F-AFA7-7798E0E9CD89}.Release|Any CPU.Build.0 = Release|Any CPU
		{359ED8C6-47B5-4321-9B60-62E0F53A5384}.Debug|Any CPU.ActiveCfg = Debug|Any CPU
		{359ED8C6-47B5-4321-9B60-62E0F53A5384}.Debug|Any CPU.Build.0 = Debug|Any CPU
		{359ED8C6-47B5-4321-9B60-62E0F53A5384}.Release|Any CPU.ActiveCfg = Release|Any CPU
		{359ED8C6-47B5-4321-9B60-62E0F53A5384}.Release|Any CPU.Build.0 = Release|Any CPU
	EndGlobalSection
	GlobalSection(SolutionProperties) = preSolution
		HideSolutionNode = FALSE
	EndGlobalSection
	GlobalSection(ExtensibilityGlobals) = postSolution
		SolutionGuid = {EF346D1C-27DC-44CE-81BA-E03D528ADE83}
	EndGlobalSection
EndGlobal
